// !$*UTF8*$!
{
	archiveVersion = 1;
	classes = {
	};
	objectVersion = 60;
	objects = {

/* Begin PBXBuildFile section */
		1A9FDDDB2C344BF400348E59 /* RealityKitContent in Frameworks */ = {isa = PBXBuildFile; productRef = 1A9FDDDA2C344BF400348E59 /* RealityKitContent */; };
		1A9FDDDD2C344BF400348E59 /* VisionOSSampleSimpleHoverShaderApp.swift in Sources */ = {isa = PBXBuildFile; fileRef = 1A9FDDDC2C344BF400348E59 /* VisionOSSampleSimpleHoverShaderApp.swift */; };
		1A9FDDDF2C344BF400348E59 /* ContentView.swift in Sources */ = {isa = PBXBuildFile; fileRef = 1A9FDDDE2C344BF400348E59 /* ContentView.swift */; };
		1A9FDDE12C344BF600348E59 /* Assets.xcassets in Resources */ = {isa = PBXBuildFile; fileRef = 1A9FDDE02C344BF600348E59 /* Assets.xcassets */; };
		1A9FDDE42C344BF600348E59 /* Preview Assets.xcassets in Resources */ = {isa = PBXBuildFile; fileRef = 1A9FDDE32C344BF600348E59 /* Preview Assets.xcassets */; };
		1A9FDDEF2C344BF600348E59 /* VisionOSSampleSimpleHoverShaderTests.swift in Sources */ = {isa = PBXBuildFile; fileRef = 1A9FDDEE2C344BF600348E59 /* VisionOSSampleSimpleHoverShaderTests.swift */; };
/* End PBXBuildFile section */

/* Begin PBXContainerItemProxy section */
		1A9FDDEB2C344BF600348E59 /* PBXContainerItemProxy */ = {
			isa = PBXContainerItemProxy;
			containerPortal = 1A9FDDCD2C344BF400348E59 /* Project object */;
			proxyType = 1;
			remoteGlobalIDString = 1A9FDDD42C344BF400348E59;
			remoteInfo = VisionOSSampleSimpleHoverShader;
		};
/* End PBXContainerItemProxy section */

/* Begin PBXFileReference section */
		1A9FDDD52C344BF400348E59 /* VisionOSSampleSimpleHoverShader.app */ = {isa = PBXFileReference; explicitFileType = wrapper.application; includeInIndex = 0; path = VisionOSSampleSimpleHoverShader.app; sourceTree = BUILT_PRODUCTS_DIR; };
		1A9FDDD92C344BF400348E59 /* RealityKitContent */ = {isa = PBXFileReference; lastKnownFileType = wrapper; path = RealityKitContent; sourceTree = "<group>"; };
		1A9FDDDC2C344BF400348E59 /* VisionOSSampleSimpleHoverShaderApp.swift */ = {isa = PBXFileReference; lastKnownFileType = sourcecode.swift; path = VisionOSSampleSimpleHoverShaderApp.swift; sourceTree = "<group>"; };
		1A9FDDDE2C344BF400348E59 /* ContentView.swift */ = {isa = PBXFileReference; lastKnownFileType = sourcecode.swift; path = ContentView.swift; sourceTree = "<group>"; };
		1A9FDDE02C344BF600348E59 /* Assets.xcassets */ = {isa = PBXFileReference; lastKnownFileType = folder.assetcatalog; path = Assets.xcassets; sourceTree = "<group>"; };
		1A9FDDE32C344BF600348E59 /* Preview Assets.xcassets */ = {isa = PBXFileReference; lastKnownFileType = folder.assetcatalog; path = "Preview Assets.xcassets"; sourceTree = "<group>"; };
		1A9FDDE52C344BF600348E59 /* Info.plist */ = {isa = PBXFileReference; lastKnownFileType = text.plist.xml; path = Info.plist; sourceTree = "<group>"; };
		1A9FDDEA2C344BF600348E59 /* VisionOSSampleSimpleHoverShaderTests.xctest */ = {isa = PBXFileReference; explicitFileType = wrapper.cfbundle; includeInIndex = 0; path = VisionOSSampleSimpleHoverShaderTests.xctest; sourceTree = BUILT_PRODUCTS_DIR; };
		1A9FDDEE2C344BF600348E59 /* VisionOSSampleSimpleHoverShaderTests.swift */ = {isa = PBXFileReference; lastKnownFileType = sourcecode.swift; path = VisionOSSampleSimpleHoverShaderTests.swift; sourceTree = "<group>"; };
/* End PBXFileReference section */

/* Begin PBXFrameworksBuildPhase section */
		1A9FDDD22C344BF400348E59 /* Frameworks */ = {
			isa = PBXFrameworksBuildPhase;
			buildActionMask = 2147483647;
			files = (
				1A9FDDDB2C344BF400348E59 /* RealityKitContent in Frameworks */,
			);
			runOnlyForDeploymentPostprocessing = 0;
		};
		1A9FDDE72C344BF600348E59 /* Frameworks */ = {
			isa = PBXFrameworksBuildPhase;
			buildActionMask = 2147483647;
			files = (
			);
			runOnlyForDeploymentPostprocessing = 0;
		};
/* End PBXFrameworksBuildPhase section */

/* Begin PBXGroup section */
		1A9FDDCC2C344BF400348E59 = {
			isa = PBXGroup;
			children = (
				1A9FDDD72C344BF400348E59 /* VisionOSSampleSimpleHoverShader */,
				1A9FDDD82C344BF400348E59 /* Packages */,
				1A9FDDED2C344BF600348E59 /* VisionOSSampleSimpleHoverShaderTests */,
				1A9FDDD62C344BF400348E59 /* Products */,
			);
			sourceTree = "<group>";
		};
		1A9FDDD62C344BF400348E59 /* Products */ = {
			isa = PBXGroup;
			children = (
				1A9FDDD52C344BF400348E59 /* VisionOSSampleSimpleHoverShader.app */,
				1A9FDDEA2C344BF600348E59 /* VisionOSSampleSimpleHoverShaderTests.xctest */,
			);
			name = Products;
			sourceTree = "<group>";
		};
		1A9FDDD72C344BF400348E59 /* VisionOSSampleSimpleHoverShader */ = {
			isa = PBXGroup;
			children = (
				1A9FDDDC2C344BF400348E59 /* VisionOSSampleSimpleHoverShaderApp.swift */,
				1A9FDDDE2C344BF400348E59 /* ContentView.swift */,
				1A9FDDE02C344BF600348E59 /* Assets.xcassets */,
				1A9FDDE52C344BF600348E59 /* Info.plist */,
				1A9FDDE22C344BF600348E59 /* Preview Content */,
			);
			path = VisionOSSampleSimpleHoverShader;
			sourceTree = "<group>";
		};
		1A9FDDD82C344BF400348E59 /* Packages */ = {
			isa = PBXGroup;
			children = (
				1A9FDDD92C344BF400348E59 /* RealityKitContent */,
			);
			path = Packages;
			sourceTree = "<group>";
		};
		1A9FDDE22C344BF600348E59 /* Preview Content */ = {
			isa = PBXGroup;
			children = (
				1A9FDDE32C344BF600348E59 /* Preview Assets.xcassets */,
			);
			path = "Preview Content";
			sourceTree = "<group>";
		};
		1A9FDDED2C344BF600348E59 /* VisionOSSampleSimpleHoverShaderTests */ = {
			isa = PBXGroup;
			children = (
				1A9FDDEE2C344BF600348E59 /* VisionOSSampleSimpleHoverShaderTests.swift */,
			);
			path = VisionOSSampleSimpleHoverShaderTests;
			sourceTree = "<group>";
		};
/* End PBXGroup section */

/* Begin PBXNativeTarget section */
		1A9FDDD42C344BF400348E59 /* VisionOSSampleSimpleHoverShader */ = {
			isa = PBXNativeTarget;
			buildConfigurationList = 1A9FDDF22C344BF600348E59 /* Build configuration list for PBXNativeTarget "VisionOSSampleSimpleHoverShader" */;
			buildPhases = (
				1A9FDDD12C344BF400348E59 /* Sources */,
				1A9FDDD22C344BF400348E59 /* Frameworks */,
				1A9FDDD32C344BF400348E59 /* Resources */,
			);
			buildRules = (
			);
			dependencies = (
			);
			name = VisionOSSampleSimpleHoverShader;
			packageProductDependencies = (
				1A9FDDDA2C344BF400348E59 /* RealityKitContent */,
			);
			productName = VisionOSSampleSimpleHoverShader;
			productReference = 1A9FDDD52C344BF400348E59 /* VisionOSSampleSimpleHoverShader.app */;
			productType = "com.apple.product-type.application";
		};
		1A9FDDE92C344BF600348E59 /* VisionOSSampleSimpleHoverShaderTests */ = {
			isa = PBXNativeTarget;
			buildConfigurationList = 1A9FDDF52C344BF600348E59 /* Build configuration list for PBXNativeTarget "VisionOSSampleSimpleHoverShaderTests" */;
			buildPhases = (
				1A9FDDE62C344BF600348E59 /* Sources */,
				1A9FDDE72C344BF600348E59 /* Frameworks */,
				1A9FDDE82C344BF600348E59 /* Resources */,
			);
			buildRules = (
			);
			dependencies = (
				1A9FDDEC2C344BF600348E59 /* PBXTargetDependency */,
			);
			name = VisionOSSampleSimpleHoverShaderTests;
			productName = VisionOSSampleSimpleHoverShaderTests;
			productReference = 1A9FDDEA2C344BF600348E59 /* VisionOSSampleSimpleHoverShaderTests.xctest */;
			productType = "com.apple.product-type.bundle.unit-test";
		};
/* End PBXNativeTarget section */

/* Begin PBXProject section */
		1A9FDDCD2C344BF400348E59 /* Project object */ = {
			isa = PBXProject;
			attributes = {
				BuildIndependentTargetsInParallel = 1;
				LastSwiftUpdateCheck = 1600;
				LastUpgradeCheck = 1600;
				TargetAttributes = {
					1A9FDDD42C344BF400348E59 = {
						CreatedOnToolsVersion = 16.0;
					};
					1A9FDDE92C344BF600348E59 = {
						CreatedOnToolsVersion = 16.0;
						TestTargetID = 1A9FDDD42C344BF400348E59;
					};
				};
			};
			buildConfigurationList = 1A9FDDD02C344BF400348E59 /* Build configuration list for PBXProject "VisionOSSampleSimpleHoverShader" */;
			compatibilityVersion = "Xcode 15.0";
			developmentRegion = en;
			hasScannedForEncodings = 0;
			knownRegions = (
				en,
				Base,
			);
			mainGroup = 1A9FDDCC2C344BF400348E59;
			productRefGroup = 1A9FDDD62C344BF400348E59 /* Products */;
			projectDirPath = "";
			projectRoot = "";
			targets = (
				1A9FDDD42C344BF400348E59 /* VisionOSSampleSimpleHoverShader */,
				1A9FDDE92C344BF600348E59 /* VisionOSSampleSimpleHoverShaderTests */,
			);
		};
/* End PBXProject section */

/* Begin PBXResourcesBuildPhase section */
		1A9FDDD32C344BF400348E59 /* Resources */ = {
			isa = PBXResourcesBuildPhase;
			buildActionMask = 2147483647;
			files = (
				1A9FDDE42C344BF600348E59 /* Preview Assets.xcassets in Resources */,
				1A9FDDE12C344BF600348E59 /* Assets.xcassets in Resources */,
			);
			runOnlyForDeploymentPostprocessing = 0;
		};
		1A9FDDE82C344BF600348E59 /* Resources */ = {
			isa = PBXResourcesBuildPhase;
			buildActionMask = 2147483647;
			files = (
			);
			runOnlyForDeploymentPostprocessing = 0;
		};
/* End PBXResourcesBuildPhase section */

/* Begin PBXSourcesBuildPhase section */
		1A9FDDD12C344BF400348E59 /* Sources */ = {
			isa = PBXSourcesBuildPhase;
			buildActionMask = 2147483647;
			files = (
				1A9FDDDF2C344BF400348E59 /* ContentView.swift in Sources */,
				1A9FDDDD2C344BF400348E59 /* VisionOSSampleSimpleHoverShaderApp.swift in Sources */,
			);
			runOnlyForDeploymentPostprocessing = 0;
		};
		1A9FDDE62C344BF600348E59 /* Sources */ = {
			isa = PBXSourcesBuildPhase;
			buildActionMask = 2147483647;
			files = (
				1A9FDDEF2C344BF600348E59 /* VisionOSSampleSimpleHoverShaderTests.swift in Sources */,
			);
			runOnlyForDeploymentPostprocessing = 0;
		};
/* End PBXSourcesBuildPhase section */

/* Begin PBXTargetDependency section */
		1A9FDDEC2C344BF600348E59 /* PBXTargetDependency */ = {
			isa = PBXTargetDependency;
			target = 1A9FDDD42C344BF400348E59 /* VisionOSSampleSimpleHoverShader */;
			targetProxy = 1A9FDDEB2C344BF600348E59 /* PBXContainerItemProxy */;
		};
/* End PBXTargetDependency section */

/* Begin XCBuildConfiguration section */
		1A9FDDF02C344BF600348E59 /* Debug */ = {
			isa = XCBuildConfiguration;
			buildSettings = {
				ALWAYS_SEARCH_USER_PATHS = NO;
				ASSETCATALOG_COMPILER_GENERATE_SWIFT_ASSET_SYMBOL_EXTENSIONS = YES;
				CLANG_ANALYZER_NONNULL = YES;
				CLANG_ANALYZER_NUMBER_OBJECT_CONVERSION = YES_AGGRESSIVE;
				CLANG_CXX_LANGUAGE_STANDARD = "gnu++20";
				CLANG_ENABLE_MODULES = YES;
				CLANG_ENABLE_OBJC_ARC = YES;
				CLANG_ENABLE_OBJC_WEAK = YES;
				CLANG_WARN_BLOCK_CAPTURE_AUTORELEASING = YES;
				CLANG_WARN_BOOL_CONVERSION = YES;
				CLANG_WARN_COMMA = YES;
				CLANG_WARN_CONSTANT_CONVERSION = YES;
				CLANG_WARN_DEPRECATED_OBJC_IMPLEMENTATIONS = YES;
				CLANG_WARN_DIRECT_OBJC_ISA_USAGE = YES_ERROR;
				CLANG_WARN_DOCUMENTATION_COMMENTS = YES;
				CLANG_WARN_EMPTY_BODY = YES;
				CLANG_WARN_ENUM_CONVERSION = YES;
				CLANG_WARN_INFINITE_RECURSION = YES;
				CLANG_WARN_INT_CONVERSION = YES;
				CLANG_WARN_NON_LITERAL_NULL_CONVERSION = YES;
				CLANG_WARN_OBJC_IMPLICIT_RETAIN_SELF = YES;
				CLANG_WARN_OBJC_LITERAL_CONVERSION = YES;
				CLANG_WARN_OBJC_ROOT_CLASS = YES_ERROR;
				CLANG_WARN_QUOTED_INCLUDE_IN_FRAMEWORK_HEADER = YES;
				CLANG_WARN_RANGE_LOOP_ANALYSIS = YES;
				CLANG_WARN_STRICT_PROTOTYPES = YES;
				CLANG_WARN_SUSPICIOUS_MOVE = YES;
				CLANG_WARN_UNGUARDED_AVAILABILITY = YES_AGGRESSIVE;
				CLANG_WARN_UNREACHABLE_CODE = YES;
				CLANG_WARN__DUPLICATE_METHOD_MATCH = YES;
				COPY_PHASE_STRIP = NO;
				DEBUG_INFORMATION_FORMAT = dwarf;
				ENABLE_STRICT_OBJC_MSGSEND = YES;
				ENABLE_TESTABILITY = YES;
				ENABLE_USER_SCRIPT_SANDBOXING = YES;
				GCC_C_LANGUAGE_STANDARD = gnu17;
				GCC_DYNAMIC_NO_PIC = NO;
				GCC_NO_COMMON_BLOCKS = YES;
				GCC_OPTIMIZATION_LEVEL = 0;
				GCC_PREPROCESSOR_DEFINITIONS = (
					"DEBUG=1",
					"$(inherited)",
				);
				GCC_WARN_64_TO_32_BIT_CONVERSION = YES;
				GCC_WARN_ABOUT_RETURN_TYPE = YES_ERROR;
				GCC_WARN_UNDECLARED_SELECTOR = YES;
				GCC_WARN_UNINITIALIZED_AUTOS = YES_AGGRESSIVE;
				GCC_WARN_UNUSED_FUNCTION = YES;
				GCC_WARN_UNUSED_VARIABLE = YES;
				LOCALIZATION_PREFERS_STRING_CATALOGS = YES;
				MTL_ENABLE_DEBUG_INFO = INCLUDE_SOURCE;
				MTL_FAST_MATH = YES;
				ONLY_ACTIVE_ARCH = YES;
				SDKROOT = xros;
				SWIFT_ACTIVE_COMPILATION_CONDITIONS = "DEBUG $(inherited)";
				SWIFT_OPTIMIZATION_LEVEL = "-Onone";
				XROS_DEPLOYMENT_TARGET = 2.0;
			};
			name = Debug;
		};
		1A9FDDF12C344BF600348E59 /* Release */ = {
			isa = XCBuildConfiguration;
			buildSettings = {
				ALWAYS_SEARCH_USER_PATHS = NO;
				ASSETCATALOG_COMPILER_GENERATE_SWIFT_ASSET_SYMBOL_EXTENSIONS = YES;
				CLANG_ANALYZER_NONNULL = YES;
				CLANG_ANALYZER_NUMBER_OBJECT_CONVERSION = YES_AGGRESSIVE;
				CLANG_CXX_LANGUAGE_STANDARD = "gnu++20";
				CLANG_ENABLE_MODULES = YES;
				CLANG_ENABLE_OBJC_ARC = YES;
				CLANG_ENABLE_OBJC_WEAK = YES;
				CLANG_WARN_BLOCK_CAPTURE_AUTORELEASING = YES;
				CLANG_WARN_BOOL_CONVERSION = YES;
				CLANG_WARN_COMMA = YES;
				CLANG_WARN_CONSTANT_CONVERSION = YES;
				CLANG_WARN_DEPRECATED_OBJC_IMPLEMENTATIONS = YES;
				CLANG_WARN_DIRECT_OBJC_ISA_USAGE = YES_ERROR;
				CLANG_WARN_DOCUMENTATION_COMMENTS = YES;
				CLANG_WARN_EMPTY_BODY = YES;
				CLANG_WARN_ENUM_CONVERSION = YES;
				CLANG_WARN_INFINITE_RECURSION = YES;
				CLANG_WARN_INT_CONVERSION = YES;
				CLANG_WARN_NON_LITERAL_NULL_CONVERSION = YES;
				CLANG_WARN_OBJC_IMPLICIT_RETAIN_SELF = YES;
				CLANG_WARN_OBJC_LITERAL_CONVERSION = YES;
				CLANG_WARN_OBJC_ROOT_CLASS = YES_ERROR;
				CLANG_WARN_QUOTED_INCLUDE_IN_FRAMEWORK_HEADER = YES;
				CLANG_WARN_RANGE_LOOP_ANALYSIS = YES;
				CLANG_WARN_STRICT_PROTOTYPES = YES;
				CLANG_WARN_SUSPICIOUS_MOVE = YES;
				CLANG_WARN_UNGUARDED_AVAILABILITY = YES_AGGRESSIVE;
				CLANG_WARN_UNREACHABLE_CODE = YES;
				CLANG_WARN__DUPLICATE_METHOD_MATCH = YES;
				COPY_PHASE_STRIP = NO;
				DEBUG_INFORMATION_FORMAT = "dwarf-with-dsym";
				ENABLE_NS_ASSERTIONS = NO;
				ENABLE_STRICT_OBJC_MSGSEND = YES;
				ENABLE_USER_SCRIPT_SANDBOXING = YES;
				GCC_C_LANGUAGE_STANDARD = gnu17;
				GCC_NO_COMMON_BLOCKS = YES;
				GCC_WARN_64_TO_32_BIT_CONVERSION = YES;
				GCC_WARN_ABOUT_RETURN_TYPE = YES_ERROR;
				GCC_WARN_UNDECLARED_SELECTOR = YES;
				GCC_WARN_UNINITIALIZED_AUTOS = YES_AGGRESSIVE;
				GCC_WARN_UNUSED_FUNCTION = YES;
				GCC_WARN_UNUSED_VARIABLE = YES;
				LOCALIZATION_PREFERS_STRING_CATALOGS = YES;
				MTL_ENABLE_DEBUG_INFO = NO;
				MTL_FAST_MATH = YES;
				SDKROOT = xros;
				SWIFT_COMPILATION_MODE = wholemodule;
				VALIDATE_PRODUCT = YES;
				XROS_DEPLOYMENT_TARGET = 2.0;
			};
			name = Release;
		};
		1A9FDDF32C344BF600348E59 /* Debug */ = {
			isa = XCBuildConfiguration;
			buildSettings = {
				ASSETCATALOG_COMPILER_APPICON_NAME = AppIcon;
				ASSETCATALOG_COMPILER_GLOBAL_ACCENT_COLOR_NAME = AccentColor;
				CODE_SIGN_STYLE = Automatic;
				CURRENT_PROJECT_VERSION = 1;
				DEVELOPMENT_ASSET_PATHS = "\"VisionOSSampleSimpleHoverShader/Preview Content\"";
				DEVELOPMENT_TEAM = ED5R9E794B;
				ENABLE_PREVIEWS = YES;
				GENERATE_INFOPLIST_FILE = YES;
				INFOPLIST_FILE = "$(TARGET_NAME)/Info.plist";
				LD_RUNPATH_SEARCH_PATHS = (
					"$(inherited)",
					"@executable_path/Frameworks",
				);
				MARKETING_VERSION = 1.0;
				PRODUCT_BUNDLE_IDENTIFIER = jp.co.1planet.visionos.sample.hover.shader.VisionOSSampleSimpleHoverShader;
				PRODUCT_NAME = "$(TARGET_NAME)";
				SUPPORTED_PLATFORMS = "xros xrsimulator";
				SWIFT_EMIT_LOC_STRINGS = YES;
				SWIFT_VERSION = 5.0;
				TARGETED_DEVICE_FAMILY = 7;
			};
			name = Debug;
		};
		1A9FDDF42C344BF600348E59 /* Release */ = {
			isa = XCBuildConfiguration;
			buildSettings = {
				ASSETCATALOG_COMPILER_APPICON_NAME = AppIcon;
				ASSETCATALOG_COMPILER_GLOBAL_ACCENT_COLOR_NAME = AccentColor;
				CODE_SIGN_STYLE = Automatic;
				CURRENT_PROJECT_VERSION = 1;
				DEVELOPMENT_ASSET_PATHS = "\"VisionOSSampleSimpleHoverShader/Preview Content\"";
				DEVELOPMENT_TEAM = ED5R9E794B;
				ENABLE_PREVIEWS = YES;
				GENERATE_INFOPLIST_FILE = YES;
				INFOPLIST_FILE = "$(TARGET_NAME)/Info.plist";
				LD_RUNPATH_SEARCH_PATHS = (
					"$(inherited)",
					"@executable_path/Frameworks",
				);
				MARKETING_VERSION = 1.0;
				PRODUCT_BUNDLE_IDENTIFIER = jp.co.1planet.visionos.sample.hover.shader.VisionOSSampleSimpleHoverShader;
				PRODUCT_NAME = "$(TARGET_NAME)";
				SUPPORTED_PLATFORMS = "xros xrsimulator";
				SWIFT_EMIT_LOC_STRINGS = YES;
				SWIFT_VERSION = 5.0;
				TARGETED_DEVICE_FAMILY = 7;
			};
			name = Release;
		};
		1A9FDDF62C344BF600348E59 /* Debug */ = {
			isa = XCBuildConfiguration;
			buildSettings = {
				BUNDLE_LOADER = "$(TEST_HOST)";
				CODE_SIGN_STYLE = Automatic;
				CURRENT_PROJECT_VERSION = 1;
				DEVELOPMENT_TEAM = ED5R9E794B;
				GENERATE_INFOPLIST_FILE = YES;
				MARKETING_VERSION = 1.0;
				PRODUCT_BUNDLE_IDENTIFIER = jp.co.1planet.visionos.sample.hover.shader.VisionOSSampleSimpleHoverShaderTests;
				PRODUCT_NAME = "$(TARGET_NAME)";
				SUPPORTED_PLATFORMS = "xros xrsimulator";
				SWIFT_EMIT_LOC_STRINGS = NO;
				SWIFT_VERSION = 5.0;
				TARGETED_DEVICE_FAMILY = 7;
				TEST_HOST = "$(BUILT_PRODUCTS_DIR)/VisionOSSampleSimpleHoverShader.app/$(BUNDLE_EXECUTABLE_FOLDER_PATH)/VisionOSSampleSimpleHoverShader";
				XROS_DEPLOYMENT_TARGET = 2.0;
			};
			name = Debug;
		};
		1A9FDDF72C344BF600348E59 /* Release */ = {
			isa = XCBuildConfiguration;
			buildSettings = {
				BUNDLE_LOADER = "$(TEST_HOST)";
				CODE_SIGN_STYLE = Automatic;
				CURRENT_PROJECT_VERSION = 1;
				DEVELOPMENT_TEAM = ED5R9E794B;
				GENERATE_INFOPLIST_FILE = YES;
				MARKETING_VERSION = 1.0;
				PRODUCT_BUNDLE_IDENTIFIER = jp.co.1planet.visionos.sample.hover.shader.VisionOSSampleSimpleHoverShaderTests;
				PRODUCT_NAME = "$(TARGET_NAME)";
				SUPPORTED_PLATFORMS = "xros xrsimulator";
				SWIFT_EMIT_LOC_STRINGS = NO;
				SWIFT_VERSION = 5.0;
				TARGETED_DEVICE_FAMILY = 7;
				TEST_HOST = "$(BUILT_PRODUCTS_DIR)/VisionOSSampleSimpleHoverShader.app/$(BUNDLE_EXECUTABLE_FOLDER_PATH)/VisionOSSampleSimpleHoverShader";
				XROS_DEPLOYMENT_TARGET = 2.0;
			};
			name = Release;
		};
/* End XCBuildConfiguration section */

/* Begin XCConfigurationList section */
		1A9FDDD02C344BF400348E59 /* Build configuration list for PBXProject "VisionOSSampleSimpleHoverShader" */ = {
			isa = XCConfigurationList;
			buildConfigurations = (
				1A9FDDF02C344BF600348E59 /* Debug */,
				1A9FDDF12C344BF600348E59 /* Release */,
			);
			defaultConfigurationIsVisible = 0;
			defaultConfigurationName = Release;
		};
		1A9FDDF22C344BF600348E59 /* Build configuration list for PBXNativeTarget "VisionOSSampleSimpleHoverShader" */ = {
			isa = XCConfigurationList;
			buildConfigurations = (
				1A9FDDF32C344BF600348E59 /* Debug */,
				1A9FDDF42C344BF600348E59 /* Release */,
			);
			defaultConfigurationIsVisible = 0;
			defaultConfigurationName = Release;
		};
		1A9FDDF52C344BF600348E59 /* Build configuration list for PBXNativeTarget "VisionOSSampleSimpleHoverShaderTests" */ = {
			isa = XCConfigurationList;
			buildConfigurations = (
				1A9FDDF62C344BF600348E59 /* Debug */,
				1A9FDDF72C344BF600348E59 /* Release */,
			);
			defaultConfigurationIsVisible = 0;
			defaultConfigurationName = Release;
		};
/* End XCConfigurationList section */

/* Begin XCSwiftPackageProductDependency section */
		1A9FDDDA2C344BF400348E59 /* RealityKitContent */ = {
			isa = XCSwiftPackageProductDependency;
			productName = RealityKitContent;
		};
/* End XCSwiftPackageProductDependency section */
	};
	rootObject = 1A9FDDCD2C344BF400348E59 /* Project object */;
}
